
Microsoft Visual Studio Solution File, Format Version 12.00
# Visual Studio Version 17
VisualStudioVersion = 17.8.34330.188
MinimumVisualStudioVersion = 10.0.40219.1
Project("{9A19103F-16F7-4668-BE54-9A1E7A4F7556}") = "GUI", "QuanLiBanDayDuAn1\GUI.csproj", "{DE447F94-E043-409D-935E-E268E176F4E2}"
EndProject
Project("{FAE04EC0-301F-11D3-BF4B-00C04F79EFBC}") = "DAL", "DAL\DAL.csproj", "{BE1409EA-105C-4657-AFB1-FDC8CD9ABA6A}"
EndProject
Project("{FAE04EC0-301F-11D3-BF4B-00C04F79EFBC}") = "BLL", "BLL\BLL.csproj", "{307925A2-D706-4E9F-BD84-6CE5BA033FCE}"
EndProject
Global
	GlobalSection(SolutionConfigurationPlatforms) = preSolution
		Debug|Any CPU = Debug|Any CPU
		Release|Any CPU = Release|Any CPU
	EndGlobalSection
	GlobalSection(ProjectConfigurationPlatforms) = postSolution
		{DE447F94-E043-409D-935E-E268E176F4E2}.Debug|Any CPU.ActiveCfg = Debug|Any CPU
		{DE447F94-E043-409D-935E-E268E176F4E2}.Debug|Any CPU.Build.0 = Debug|Any CPU
		{DE447F94-E043-409D-935E-E268E176F4E2}.Release|Any CPU.ActiveCfg = Release|Any CPU
		{DE447F94-E043-409D-935E-E268E176F4E2}.Release|Any CPU.Build.0 = Release|Any CPU
		{BE1409EA-105C-4657-AFB1-FDC8CD9ABA6A}.Debug|Any CPU.ActiveCfg = Debug|Any CPU
		{BE1409EA-105C-4657-AFB1-FDC8CD9ABA6A}.Debug|Any CPU.Build.0 = Debug|Any CPU
		{BE1409EA-105C-4657-AFB1-FDC8CD9ABA6A}.Release|Any CPU.ActiveCfg = Release|Any CPU
		{BE1409EA-105C-4657-AFB1-FDC8CD9ABA6A}.Release|Any CPU.Build.0 = Release|Any CPU
		{307925A2-D706-4E9F-BD84-6CE5BA033FCE}.Debug|Any CPU.ActiveCfg = Debug|Any CPU
		{307925A2-D706-4E9F-BD84-6CE5BA033FCE}.Debug|Any CPU.Build.0 = Debug|Any CPU
		{307925A2-D706-4E9F-BD84-6CE5BA033FCE}.Release|Any CPU.ActiveCfg = Release|Any CPU
		{307925A2-D706-4E9F-BD84-6CE5BA033FCE}.Release|Any CPU.Build.0 = Release|Any CPU
	EndGlobalSection
	GlobalSection(SolutionProperties) = preSolution
		HideSolutionNode = FALSE
	EndGlobalSection
	GlobalSection(ExtensibilityGlobals) = postSolution
		SolutionGuid = {F4A0C490-11D2-4041-A615-6B49771676D3}
	EndGlobalSection
EndGlobal
